
Microsoft Visual Studio Solution File, Format Version 12.00
# Visual Studio Version 16
VisualStudioVersion = 16.0.31624.102
MinimumVisualStudioVersion = 10.0.40219.1
Project("{8BC9CEB8-8B4A-11D0-8D11-00A0C91BC942}") = "EC-lab1", "EC-lab1.vcxproj", "{2002EFCB-74D5-4BE6-AA8E-F89B1C76FA79}"
EndProject
Global
	GlobalSection(SolutionConfigurationPlatforms) = preSolution
		Debug|x64 = Debug|x64
		Debug|x86 = Debug|x86
		Release|x64 = Release|x64
		Release|x86 = Release|x86
	EndGlobalSection
	GlobalSection(ProjectConfigurationPlatforms) = postSolution
		{2002EFCB-74D5-4BE6-AA8E-F89B1C76FA79}.Debug|x64.ActiveCfg = Debug|x64
		{2002EFCB-74D5-4BE6-AA8E-F89B1C76FA79}.Debug|x64.Build.0 = Debug|x64
		{2002EFCB-74D5-4BE6-AA8E-F89B1C76FA79}.Debug|x86.ActiveCfg = Debug|Win32
		{2002EFCB-74D5-4BE6-AA8E-F89B1C76FA79}.Debug|x86.Build.0 = Debug|Win32
		{2002EFCB-74D5-4BE6-AA8E-F89B1C76FA79}.Release|x64.ActiveCfg = Release|x64
		{2002EFCB-74D5-4BE6-AA8E-F89B1C76FA79}.Release|x64.Build.0 = Release|x64
		{2002EFCB-74D5-4BE6-AA8E-F89B1C76FA79}.Release|x86.ActiveCfg = Release|Win32
		{2002EFCB-74D5-4BE6-AA8E-F89B1C76FA79}.Release|x86.Build.0 = Release|Win32
	EndGlobalSection
	GlobalSection(SolutionProperties) = preSolution
		HideSolutionNode = FALSE
	EndGlobalSection
	GlobalSection(ExtensibilityGlobals) = postSolution
		SolutionGuid = {84B3011E-329F-4F16-99C9-D45465653DAE}
	EndGlobalSection
EndGlobal
